{
  "pins" : [
    {
      "identity" : "apollo-ios",
      "kind" : "remoteSourceControl",
      "location" : "https://github.com/apollographql/apollo-ios.git",
      "state" : {
        "revision" : "99dfbdb869dbba16bd09e086b2b669bfcab811ec",
        "version" : "1.12.2"
      }
    },
    {
      "identity" : "csqlite",
      "kind" : "remoteSourceControl",
      "location" : "https://github.com/stephencelis/CSQLite.git",
      "state" : {
        "revision" : "9106e983d5e3d5149ee35281ec089484b0def018",
        "version" : "0.0.3"
      }
    },
    {
      "identity" : "gandalf-ios-apollo-api",
      "kind" : "remoteSourceControl",
      "location" : "https://github.com/gandalf-network/gandalf-ios-apollo-api.git",
      "state" : {
        "branch" : "main",
        "revision" : "b5b32e9df4443c5b583dc5a81918aada9b30003c"
      }
    },
    {
      "identity" : "sqlite.swift",
      "kind" : "remoteSourceControl",
      "location" : "https://github.com/stephencelis/SQLite.swift.git",
      "state" : {
        "revision" : "a95fc6df17d108bd99210db5e8a9bac90fe984b8",
        "version" : "0.15.3"
      }
    }
  ],
  "version" : 2
}
